<?xml version="1.0" encoding="utf-8"?>
<Project ToolsVersion="4.0" xmlns="http://schemas.microsoft.com/developer/msbuild/2003">
  <ItemGroup>
    <Filter Include="Source Files">
      <UniqueIdentifier>{95ed5c7a-188f-44eb-97da-9af6e3a2458d}</UniqueIdentifier>
      <Extensions>cpp;c;cxx;rc;def;r;odl;idl;hpj;bat</Extensions>
    </Filter>
    <Filter Include="Header Files">
      <UniqueIdentifier>{00d9391d-1ad5-485c-a2b8-49e48a15793a}</UniqueIdentifier>
      <Extensions>h;hpp;hxx;hm;inl</Extensions>
    </Filter>
    <Filter Include="Resource Files">
      <UniqueIdentifier>{377c2c67-2b6e-4fd3-8bca-2c2f2256a06f}</UniqueIdentifier>
      <Extensions>ico;cur;bmp;dlg;rc2;rct;bin;cnt;rtf;gif;jpg;jpeg;jpe</Extensions>
    </Filter>
  </ItemGroup>
  <ItemGroup>
    <ClCompile Include="ChildFrm.cpp">
      <Filter>Source Files</Filter>
    </ClCompile>
    <ClCompile Include="kingbmp.cpp">
      <Filter>Source Files</Filter>
    </ClCompile>
    <ClCompile Include="KINGGIF.cpp">
      <Filter>Source Files</Filter>
    </ClCompile>
    <ClCompile Include="kingimage.cpp">
      <Filter>Source Files</Filter>
    </ClCompile>
    <ClCompile Include="kingimageDoc.cpp">
      <Filter>Source Files</Filter>
    </ClCompile>
    <ClCompile Include="kingimageView.cpp">
      <Filter>Source Files</Filter>
    </ClCompile>
    <ClCompile Include="KINGJPG.cpp">
      <Filter>Source Files</Filter>
    </ClCompile>
    <ClCompile Include="KINGPCX.cpp">
      <Filter>Source Files</Filter>
    </ClCompile>
    <ClCompile Include="MainFrm.cpp">
      <Filter>Source Files</Filter>
    </ClCompile>
    <ClCompile Include="picture.cpp">
      <Filter>Source Files</Filter>
    </ClCompile>
    <ClCompile Include="StdAfx.cpp">
      <Filter>Source Files</Filter>
    </ClCompile>
  </ItemGroup>
  <ItemGroup>
    <ResourceCompile Include="kingimage.rc">
      <Filter>Source Files</Filter>
    </ResourceCompile>
  </ItemGroup>
  <ItemGroup>
    <ClInclude Include="ChildFrm.h">
      <Filter>Header Files</Filter>
    </ClInclude>
    <ClInclude Include="kingbmp.h">
      <Filter>Header Files</Filter>
    </ClInclude>
    <ClInclude Include="KINGGIF.h">
      <Filter>Header Files</Filter>
    </ClInclude>
    <ClInclude Include="kingimage.h">
      <Filter>Header Files</Filter>
    </ClInclude>
    <ClInclude Include="kingimageDoc.h">
      <Filter>Header Files</Filter>
    </ClInclude>
    <ClInclude Include="kingimageView.h">
      <Filter>Header Files</Filter>
    </ClInclude>
    <ClInclude Include="KINGJPG.h">
      <Filter>Header Files</Filter>
    </ClInclude>
    <ClInclude Include="KINGPCX.h">
      <Filter>Header Files</Filter>
    </ClInclude>
    <ClInclude Include="MainFrm.h">
      <Filter>Header Files</Filter>
    </ClInclude>
    <ClInclude Include="picture.h">
      <Filter>Header Files</Filter>
    </ClInclude>
    <ClInclude Include="Resource.h">
      <Filter>Header Files</Filter>
    </ClInclude>
    <ClInclude Include="StdAfx.h">
      <Filter>Header Files</Filter>
    </ClInclude>
  </ItemGroup>
  <ItemGroup>
    <Image Include="res\kingimage.ico">
      <Filter>Resource Files</Filter>
    </Image>
    <Image Include="res\kingimageDoc.ico">
      <Filter>Resource Files</Filter>
    </Image>
    <Image Include="res\Toolbar.bmp">
      <Filter>Resource Files</Filter>
    </Image>
  </ItemGroup>
  <ItemGroup>
    <None Include="res\kingimage.rc2">
      <Filter>Resource Files</Filter>
    </None>
    <None Include="res\ribbon1.mfcribbon-ms" />
  </ItemGroup>
  <ItemGroup>
    <Text Include="ReadMe.txt" />
  </ItemGroup>
</Project>